
Microsoft Visual Studio Solution File, Format Version 12.00
# Visual Studio 14
VisualStudioVersion = 14.0.23107.0
MinimumVisualStudioVersion = 10.0.40219.1
Project("{2150E333-8FDC-42A3-9474-1A3956D46DE8}") = "Solution Items", "Solution Items", "{F9225EE2-6037-4A3A-BDDA-35672B772F31}"
	ProjectSection(SolutionItems) = preProject
		.bowerrc = .bowerrc
		profiles\app.profile.js = profiles\app.profile.js
		bower.json = bower.json
		gruntfile.js = gruntfile.js
		gulpfile.js = gulpfile.js
		package.json = package.json
		Readme.txt = Readme.txt
	EndProjectSection
EndProject
Project("{FAE04EC0-301F-11D3-BF4B-00C04F79EFBC}") = "EAO", "EAO\EAO.csproj", "{4C6B8AF9-4772-4407-BD39-20148183DC93}"
EndProject
Global
	GlobalSection(SolutionConfigurationPlatforms) = preSolution
		Debug|Any CPU = Debug|Any CPU
		Release|Any CPU = Release|Any CPU
	EndGlobalSection
	GlobalSection(ProjectConfigurationPlatforms) = postSolution
		{4C6B8AF9-4772-4407-BD39-20148183DC93}.Debug|Any CPU.ActiveCfg = Debug|Any CPU
		{4C6B8AF9-4772-4407-BD39-20148183DC93}.Debug|Any CPU.Build.0 = Debug|Any CPU
		{4C6B8AF9-4772-4407-BD39-20148183DC93}.Release|Any CPU.ActiveCfg = Release|Any CPU
		{4C6B8AF9-4772-4407-BD39-20148183DC93}.Release|Any CPU.Build.0 = Release|Any CPU
	EndGlobalSection
	GlobalSection(SolutionProperties) = preSolution
		HideSolutionNode = FALSE
	EndGlobalSection
	GlobalSection(TeamFoundationVersionControl) = preSolution
		SccNumberOfProjects = 2
		SccEnterpriseProvider = {4CA58AB2-18FA-4F8D-95D4-32DDF27D184C}
		SccTeamFoundationServer = https://eclldn.visualstudio.com/defaultcollection
		SccLocalPath0 = .
		SccProjectUniqueName1 = EAO\\EAO.csproj
		SccProjectName1 = EAO
		SccLocalPath1 = EAO
	EndGlobalSection
EndGlobal
